// !$*UTF8*$!
{
	archiveVersion = 1;
	classes = {
	};
	objectVersion = 48;
	objects = {

/* Begin PBXBuildFile section */
		CD1B5DE51F89176200488C62 /* AppDelegate.swift in Sources */ = {isa = PBXBuildFile; fileRef = CD1B5DE41F89176200488C62 /* AppDelegate.swift */; };
		CD1B5DE71F89176200488C62 /* ViewController.swift in Sources */ = {isa = PBXBuildFile; fileRef = CD1B5DE61F89176200488C62 /* ViewController.swift */; };
		CD1B5DEA1F89176200488C62 /* Main.storyboard in Resources */ = {isa = PBXBuildFile; fileRef = CD1B5DE81F89176200488C62 /* Main.storyboard */; };
		CD1B5DEC1F89176200488C62 /* Assets.xcassets in Resources */ = {isa = PBXBuildFile; fileRef = CD1B5DEB1F89176200488C62 /* Assets.xcassets */; };
		CD1B5DEF1F89176200488C62 /* LaunchScreen.storyboard in Resources */ = {isa = PBXBuildFile; fileRef = CD1B5DED1F89176200488C62 /* LaunchScreen.storyboard */; };
		CD1B5DFA1F89176300488C62 /* ShoppingCartTests.swift in Sources */ = {isa = PBXBuildFile; fileRef = CD1B5DF91F89176300488C62 /* ShoppingCartTests.swift */; };
		CD1B5E051F89176300488C62 /* ShoppingCartUITests.swift in Sources */ = {isa = PBXBuildFile; fileRef = CD1B5E041F89176300488C62 /* ShoppingCartUITests.swift */; };
/* End PBXBuildFile section */

/* Begin PBXContainerItemProxy section */
		CD1B5DF61F89176200488C62 /* PBXContainerItemProxy */ = {
			isa = PBXContainerItemProxy;
			containerPortal = CD1B5DD91F89176200488C62 /* Project object */;
			proxyType = 1;
			remoteGlobalIDString = CD1B5DE01F89176200488C62;
			remoteInfo = ShoppingCart;
		};
		CD1B5E011F89176300488C62 /* PBXContainerItemProxy */ = {
			isa = PBXContainerItemProxy;
			containerPortal = CD1B5DD91F89176200488C62 /* Project object */;
			proxyType = 1;
			remoteGlobalIDString = CD1B5DE01F89176200488C62;
			remoteInfo = ShoppingCart;
		};
/* End PBXContainerItemProxy section */

/* Begin PBXFileReference section */
		CD1B5DE11F89176200488C62 /* ShoppingCart.app */ = {isa = PBXFileReference; explicitFileType = wrapper.application; includeInIndex = 0; path = ShoppingCart.app; sourceTree = BUILT_PRODUCTS_DIR; };
		CD1B5DE41F89176200488C62 /* AppDelegate.swift */ = {isa = PBXFileReference; lastKnownFileType = sourcecode.swift; path = AppDelegate.swift; sourceTree = "<group>"; };
		CD1B5DE61F89176200488C62 /* ViewController.swift */ = {isa = PBXFileReference; lastKnownFileType = sourcecode.swift; path = ViewController.swift; sourceTree = "<group>"; };
		CD1B5DE91F89176200488C62 /* Base */ = {isa = PBXFileReference; lastKnownFileType = file.storyboard; name = Base; path = Base.lproj/Main.storyboard; sourceTree = "<group>"; };
		CD1B5DEB1F89176200488C62 /* Assets.xcassets */ = {isa = PBXFileReference; lastKnownFileType = folder.assetcatalog; path = Assets.xcassets; sourceTree = "<group>"; };
		CD1B5DEE1F89176200488C62 /* Base */ = {isa = PBXFileReference; lastKnownFileType = file.storyboard; name = Base; path = Base.lproj/LaunchScreen.storyboard; sourceTree = "<group>"; };
		CD1B5DF01F89176200488C62 /* Info.plist */ = {isa = PBXFileReference; lastKnownFileType = text.plist.xml; path = Info.plist; sourceTree = "<group>"; };
		CD1B5DF51F89176200488C62 /* ShoppingCartTests.xctest */ = {isa = PBXFileReference; explicitFileType = wrapper.cfbundle; includeInIndex = 0; path = ShoppingCartTests.xctest; sourceTree = BUILT_PRODUCTS_DIR; };
		CD1B5DF91F89176300488C62 /* ShoppingCartTests.swift */ = {isa = PBXFileReference; lastKnownFileType = sourcecode.swift; path = ShoppingCartTests.swift; sourceTree = "<group>"; };
		CD1B5DFB1F89176300488C62 /* Info.plist */ = {isa = PBXFileReference; lastKnownFileType = text.plist.xml; path = Info.plist; sourceTree = "<group>"; };
		CD1B5E001F89176300488C62 /* ShoppingCartUITests.xctest */ = {isa = PBXFileReference; explicitFileType = wrapper.cfbundle; includeInIndex = 0; path = ShoppingCartUITests.xctest; sourceTree = BUILT_PRODUCTS_DIR; };
		CD1B5E041F89176300488C62 /* ShoppingCartUITests.swift */ = {isa = PBXFileReference; lastKnownFileType = sourcecode.swift; path = ShoppingCartUITests.swift; sourceTree = "<group>"; };
		CD1B5E061F89176300488C62 /* Info.plist */ = {isa = PBXFileReference; lastKnownFileType = text.plist.xml; path = Info.plist; sourceTree = "<group>"; };
/* End PBXFileReference section */

/* Begin PBXFrameworksBuildPhase section */
		CD1B5DDE1F89176200488C62 /* Frameworks */ = {
			isa = PBXFrameworksBuildPhase;
			buildActionMask = 2147483647;
			files = (
			);
			runOnlyForDeploymentPostprocessing = 0;
		};
		CD1B5DF21F89176200488C62 /* Frameworks */ = {
			isa = PBXFrameworksBuildPhase;
			buildActionMask = 2147483647;
			files = (
			);
			runOnlyForDeploymentPostprocessing = 0;
		};
		CD1B5DFD1F89176300488C62 /* Frameworks */ = {
			isa = PBXFrameworksBuildPhase;
			buildActionMask = 2147483647;
			files = (
			);
			runOnlyForDeploymentPostprocessing = 0;
		};
/* End PBXFrameworksBuildPhase section */

/* Begin PBXGroup section */
		CD1B5DD81F89176200488C62 = {
			isa = PBXGroup;
			children = (
				CD1B5DE31F89176200488C62 /* ShoppingCart */,
				CD1B5DF81F89176300488C62 /* ShoppingCartTests */,
				CD1B5E031F89176300488C62 /* ShoppingCartUITests */,
				CD1B5DE21F89176200488C62 /* Products */,
			);
			sourceTree = "<group>";
		};
		CD1B5DE21F89176200488C62 /* Products */ = {
			isa = PBXGroup;
			children = (
				CD1B5DE11F89176200488C62 /* ShoppingCart.app */,
				CD1B5DF51F89176200488C62 /* ShoppingCartTests.xctest */,
				CD1B5E001F89176300488C62 /* ShoppingCartUITests.xctest */,
			);
			name = Products;
			sourceTree = "<group>";
		};
		CD1B5DE31F89176200488C62 /* ShoppingCart */ = {
			isa = PBXGroup;
			children = (
				CD1B5DE41F89176200488C62 /* AppDelegate.swift */,
				CD1B5DE61F89176200488C62 /* ViewController.swift */,
				CD1B5DE81F89176200488C62 /* Main.storyboard */,
				CD1B5DEB1F89176200488C62 /* Assets.xcassets */,
				CD1B5DED1F89176200488C62 /* LaunchScreen.storyboard */,
				CD1B5DF01F89176200488C62 /* Info.plist */,
			);
			path = ShoppingCart;
			sourceTree = "<group>";
		};
		CD1B5DF81F89176300488C62 /* ShoppingCartTests */ = {
			isa = PBXGroup;
			children = (
				CD1B5DF91F89176300488C62 /* ShoppingCartTests.swift */,
				CD1B5DFB1F89176300488C62 /* Info.plist */,
			);
			path = ShoppingCartTests;
			sourceTree = "<group>";
		};
		CD1B5E031F89176300488C62 /* ShoppingCartUITests */ = {
			isa = PBXGroup;
			children = (
				CD1B5E041F89176300488C62 /* ShoppingCartUITests.swift */,
				CD1B5E061F89176300488C62 /* Info.plist */,
			);
			path = ShoppingCartUITests;
			sourceTree = "<group>";
		};
/* End PBXGroup section */

/* Begin PBXNativeTarget section */
		CD1B5DE01F89176200488C62 /* ShoppingCart */ = {
			isa = PBXNativeTarget;
			buildConfigurationList = CD1B5E091F89176300488C62 /* Build configuration list for PBXNativeTarget "ShoppingCart" */;
			buildPhases = (
				CD1B5DDD1F89176200488C62 /* Sources */,
				CD1B5DDE1F89176200488C62 /* Frameworks */,
				CD1B5DDF1F89176200488C62 /* Resources */,
			);
			buildRules = (
			);
			dependencies = (
			);
			name = ShoppingCart;
			productName = ShoppingCart;
			productReference = CD1B5DE11F89176200488C62 /* ShoppingCart.app */;
			productType = "com.apple.product-type.application";
		};
		CD1B5DF41F89176200488C62 /* ShoppingCartTests */ = {
			isa = PBXNativeTarget;
			buildConfigurationList = CD1B5E0C1F89176300488C62 /* Build configuration list for PBXNativeTarget "ShoppingCartTests" */;
			buildPhases = (
				CD1B5DF11F89176200488C62 /* Sources */,
				CD1B5DF21F89176200488C62 /* Frameworks */,
				CD1B5DF31F89176200488C62 /* Resources */,
			);
			buildRules = (
			);
			dependencies = (
				CD1B5DF71F89176200488C62 /* PBXTargetDependency */,
			);
			name = ShoppingCartTests;
			productName = ShoppingCartTests;
			productReference = CD1B5DF51F89176200488C62 /* ShoppingCartTests.xctest */;
			productType = "com.apple.product-type.bundle.unit-test";
		};
		CD1B5DFF1F89176300488C62 /* ShoppingCartUITests */ = {
			isa = PBXNativeTarget;
			buildConfigurationList = CD1B5E0F1F89176300488C62 /* Build configuration list for PBXNativeTarget "ShoppingCartUITests" */;
			buildPhases = (
				CD1B5DFC1F89176300488C62 /* Sources */,
				CD1B5DFD1F89176300488C62 /* Frameworks */,
				CD1B5DFE1F89176300488C62 /* Resources */,
			);
			buildRules = (
			);
			dependencies = (
				CD1B5E021F89176300488C62 /* PBXTargetDependency */,
			);
			name = ShoppingCartUITests;
			productName = ShoppingCartUITests;
			productReference = CD1B5E001F89176300488C62 /* ShoppingCartUITests.xctest */;
			productType = "com.apple.product-type.bundle.ui-testing";
		};
/* End PBXNativeTarget section */

/* Begin PBXProject section */
		CD1B5DD91F89176200488C62 /* Project object */ = {
			isa = PBXProject;
			attributes = {
				LastSwiftUpdateCheck = 0900;
				LastUpgradeCheck = 0900;
				ORGANIZATIONNAME = Mattias;
				TargetAttributes = {
					CD1B5DE01F89176200488C62 = {
						CreatedOnToolsVersion = 9.0;
						ProvisioningStyle = Automatic;
					};
					CD1B5DF41F89176200488C62 = {
						CreatedOnToolsVersion = 9.0;
						ProvisioningStyle = Automatic;
						TestTargetID = CD1B5DE01F89176200488C62;
					};
					CD1B5DFF1F89176300488C62 = {
						CreatedOnToolsVersion = 9.0;
						ProvisioningStyle = Automatic;
						TestTargetID = CD1B5DE01F89176200488C62;
					};
				};
			};
			buildConfigurationList = CD1B5DDC1F89176200488C62 /* Build configuration list for PBXProject "ShoppingCart" */;
			compatibilityVersion = "Xcode 8.0";
			developmentRegion = en;
			hasScannedForEncodings = 0;
			knownRegions = (
				en,
				Base,
			);
			mainGroup = CD1B5DD81F89176200488C62;
			productRefGroup = CD1B5DE21F89176200488C62 /* Products */;
			projectDirPath = "";
			projectRoot = "";
			targets = (
				CD1B5DE01F89176200488C62 /* ShoppingCart */,
				CD1B5DF41F89176200488C62 /* ShoppingCartTests */,
				CD1B5DFF1F89176300488C62 /* ShoppingCartUITests */,
			);
		};
/* End PBXProject section */

/* Begin PBXResourcesBuildPhase section */
		CD1B5DDF1F89176200488C62 /* Resources */ = {
			isa = PBXResourcesBuildPhase;
			buildActionMask = 2147483647;
			files = (
				CD1B5DEF1F89176200488C62 /* LaunchScreen.storyboard in Resources */,
				CD1B5DEC1F89176200488C62 /* Assets.xcassets in Resources */,
				CD1B5DEA1F89176200488C62 /* Main.storyboard in Resources */,
			);
			runOnlyForDeploymentPostprocessing = 0;
		};
		CD1B5DF31F89176200488C62 /* Resources */ = {
			isa = PBXResourcesBuildPhase;
			buildActionMask = 2147483647;
			files = (
			);
			runOnlyForDeploymentPostprocessing = 0;
		};
		CD1B5DFE1F89176300488C62 /* Resources */ = {
			isa = PBXResourcesBuildPhase;
			buildActionMask = 2147483647;
			files = (
			);
			runOnlyForDeploymentPostprocessing = 0;
		};
/* End PBXResourcesBuildPhase section */

/* Begin PBXSourcesBuildPhase section */
		CD1B5DDD1F89176200488C62 /* Sources */ = {
			isa = PBXSourcesBuildPhase;
			buildActionMask = 2147483647;
			files = (
				CD1B5DE71F89176200488C62 /* ViewController.swift in Sources */,
				CD1B5DE51F89176200488C62 /* AppDelegate.swift in Sources */,
			);
			runOnlyForDeploymentPostprocessing = 0;
		};
		CD1B5DF11F89176200488C62 /* Sources */ = {
			isa = PBXSourcesBuildPhase;
			buildActionMask = 2147483647;
			files = (
				CD1B5DFA1F89176300488C62 /* ShoppingCartTests.swift in Sources */,
			);
			runOnlyForDeploymentPostprocessing = 0;
		};
		CD1B5DFC1F89176300488C62 /* Sources */ = {
			isa = PBXSourcesBuildPhase;
			buildActionMask = 2147483647;
			files = (
				CD1B5E051F89176300488C62 /* ShoppingCartUITests.swift in Sources */,
			);
			runOnlyForDeploymentPostprocessing = 0;
		};
/* End PBXSourcesBuildPhase section */

/* Begin PBXTargetDependency section */
		CD1B5DF71F89176200488C62 /* PBXTargetDependency */ = {
			isa = PBXTargetDependency;
			target = CD1B5DE01F89176200488C62 /* ShoppingCart */;
			targetProxy = CD1B5DF61F89176200488C62 /* PBXContainerItemProxy */;
		};
		CD1B5E021F89176300488C62 /* PBXTargetDependency */ = {
			isa = PBXTargetDependency;
			target = CD1B5DE01F89176200488C62 /* ShoppingCart */;
			targetProxy = CD1B5E011F89176300488C62 /* PBXContainerItemProxy */;
		};
/* End PBXTargetDependency section */

/* Begin PBXVariantGroup section */
		CD1B5DE81F89176200488C62 /* Main.storyboard */ = {
			isa = PBXVariantGroup;
			children = (
				CD1B5DE91F89176200488C62 /* Base */,
			);
			name = Main.storyboard;
			sourceTree = "<group>";
		};
		CD1B5DED1F89176200488C62 /* LaunchScreen.storyboard */ = {
			isa = PBXVariantGroup;
			children = (
				CD1B5DEE1F89176200488C62 /* Base */,
			);
			name = LaunchScreen.storyboard;
			sourceTree = "<group>";
		};
/* End PBXVariantGroup section */

/* Begin XCBuildConfiguration section */
		CD1B5E071F89176300488C62 /* Debug */ = {
			isa = XCBuildConfiguration;
			buildSettings = {
				ALWAYS_SEARCH_USER_PATHS = NO;
				CLANG_ANALYZER_NONNULL = YES;
				CLANG_ANALYZER_NUMBER_OBJECT_CONVERSION = YES_AGGRESSIVE;
				CLANG_CXX_LANGUAGE_STANDARD = "gnu++14";
				CLANG_CXX_LIBRARY = "libc++";
				CLANG_ENABLE_MODULES = YES;
				CLANG_ENABLE_OBJC_ARC = YES;
				CLANG_WARN_BLOCK_CAPTURE_AUTORELEASING = YES;
				CLANG_WARN_BOOL_CONVERSION = YES;
				CLANG_WARN_COMMA = YES;
				CLANG_WARN_CONSTANT_CONVERSION = YES;
				CLANG_WARN_DIRECT_OBJC_ISA_USAGE = YES_ERROR;
				CLANG_WARN_DOCUMENTATION_COMMENTS = YES;
				CLANG_WARN_EMPTY_BODY = YES;
				CLANG_WARN_ENUM_CONVERSION = YES;
				CLANG_WARN_INFINITE_RECURSION = YES;
				CLANG_WARN_INT_CONVERSION = YES;
				CLANG_WARN_NON_LITERAL_NULL_CONVERSION = YES;
				CLANG_WARN_OBJC_LITERAL_CONVERSION = YES;
				CLANG_WARN_OBJC_ROOT_CLASS = YES_ERROR;
				CLANG_WARN_RANGE_LOOP_ANALYSIS = YES;
				CLANG_WARN_STRICT_PROTOTYPES = YES;
				CLANG_WARN_SUSPICIOUS_MOVE = YES;
				CLANG_WARN_UNGUARDED_AVAILABILITY = YES_AGGRESSIVE;
				CLANG_WARN_UNREACHABLE_CODE = YES;
				CLANG_WARN__DUPLICATE_METHOD_MATCH = YES;
				CODE_SIGN_IDENTITY = "iPhone Developer";
				COPY_PHASE_STRIP = NO;
				DEBUG_INFORMATION_FORMAT = dwarf;
				ENABLE_STRICT_OBJC_MSGSEND = YES;
				ENABLE_TESTABILITY = YES;
				GCC_C_LANGUAGE_STANDARD = gnu11;
				GCC_DYNAMIC_NO_PIC = NO;
				GCC_NO_COMMON_BLOCKS = YES;
				GCC_OPTIMIZATION_LEVEL = 0;
				GCC_PREPROCESSOR_DEFINITIONS = (
					"DEBUG=1",
					"$(inherited)",
				);
				GCC_WARN_64_TO_32_BIT_CONVERSION = YES;
				GCC_WARN_ABOUT_RETURN_TYPE = YES_ERROR;
				GCC_WARN_UNDECLARED_SELECTOR = YES;
				GCC_WARN_UNINITIALIZED_AUTOS = YES_AGGRESSIVE;
				GCC_WARN_UNUSED_FUNCTION = YES;
				GCC_WARN_UNUSED_VARIABLE = YES;
				IPHONEOS_DEPLOYMENT_TARGET = 11.0;
				MTL_ENABLE_DEBUG_INFO = YES;
				ONLY_ACTIVE_ARCH = YES;
				SDKROOT = iphoneos;
				SWIFT_ACTIVE_COMPILATION_CONDITIONS = DEBUG;
				SWIFT_OPTIMIZATION_LEVEL = "-Onone";
			};
			name = Debug;
		};
		CD1B5E081F89176300488C62 /* Release */ = {
			isa = XCBuildConfiguration;
			buildSettings = {
				ALWAYS_SEARCH_USER_PATHS = NO;
				CLANG_ANALYZER_NONNULL = YES;
				CLANG_ANALYZER_NUMBER_OBJECT_CONVERSION = YES_AGGRESSIVE;
				CLANG_CXX_LANGUAGE_STANDARD = "gnu++14";
				CLANG_CXX_LIBRARY = "libc++";
				CLANG_ENABLE_MODULES = YES;
				CLANG_ENABLE_OBJC_ARC = YES;
				CLANG_WARN_BLOCK_CAPTURE_AUTORELEASING = YES;
				CLANG_WARN_BOOL_CONVERSION = YES;
				CLANG_WARN_COMMA = YES;
				CLANG_WARN_CONSTANT_CONVERSION = YES;
				CLANG_WARN_DIRECT_OBJC_ISA_USAGE = YES_ERROR;
				CLANG_WARN_DOCUMENTATION_COMMENTS = YES;
				CLANG_WARN_EMPTY_BODY = YES;
				CLANG_WARN_ENUM_CONVERSION = YES;
				CLANG_WARN_INFINITE_RECURSION = YES;
				CLANG_WARN_INT_CONVERSION = YES;
				CLANG_WARN_NON_LITERAL_NULL_CONVERSION = YES;
				CLANG_WARN_OBJC_LITERAL_CONVERSION = YES;
				CLANG_WARN_OBJC_ROOT_CLASS = YES_ERROR;
				CLANG_WARN_RANGE_LOOP_ANALYSIS = YES;
				CLANG_WARN_STRICT_PROTOTYPES = YES;
				CLANG_WARN_SUSPICIOUS_MOVE = YES;
				CLANG_WARN_UNGUARDED_AVAILABILITY = YES_AGGRESSIVE;
				CLANG_WARN_UNREACHABLE_CODE = YES;
				CLANG_WARN__DUPLICATE_METHOD_MATCH = YES;
				CODE_SIGN_IDENTITY = "iPhone Developer";
				COPY_PHASE_STRIP = NO;
				DEBUG_INFORMATION_FORMAT = "dwarf-with-dsym";
				ENABLE_NS_ASSERTIONS = NO;
				ENABLE_STRICT_OBJC_MSGSEND = YES;
				GCC_C_LANGUAGE_STANDARD = gnu11;
				GCC_NO_COMMON_BLOCKS = YES;
				GCC_WARN_64_TO_32_BIT_CONVERSION = YES;
				GCC_WARN_ABOUT_RETURN_TYPE = YES_ERROR;
				GCC_WARN_UNDECLARED_SELECTOR = YES;
				GCC_WARN_UNINITIALIZED_AUTOS = YES_AGGRESSIVE;
				GCC_WARN_UNUSED_FUNCTION = YES;
				GCC_WARN_UNUSED_VARIABLE = YES;
				IPHONEOS_DEPLOYMENT_TARGET = 11.0;
				MTL_ENABLE_DEBUG_INFO = NO;
				SDKROOT = iphoneos;
				SWIFT_OPTIMIZATION_LEVEL = "-Owholemodule";
				VALIDATE_PRODUCT = YES;
			};
			name = Release;
		};
		CD1B5E0A1F89176300488C62 /* Debug */ = {
			isa = XCBuildConfiguration;
			buildSettings = {
				ASSETCATALOG_COMPILER_APPICON_NAME = AppIcon;
				CODE_SIGN_STYLE = Automatic;
				INFOPLIST_FILE = ShoppingCart/Info.plist;
				LD_RUNPATH_SEARCH_PATHS = "$(inherited) @executable_path/Frameworks";
				PRODUCT_BUNDLE_IDENTIFIER = "Oh-Snap--Development.ShoppingCart";
				PRODUCT_NAME = "$(TARGET_NAME)";
				SWIFT_VERSION = 4.0;
				TARGETED_DEVICE_FAMILY = "1,2";
			};
			name = Debug;
		};
		CD1B5E0B1F89176300488C62 /* Release */ = {
			isa = XCBuildConfiguration;
			buildSettings = {
				ASSETCATALOG_COMPILER_APPICON_NAME = AppIcon;
				CODE_SIGN_STYLE = Automatic;
				INFOPLIST_FILE = ShoppingCart/Info.plist;
				LD_RUNPATH_SEARCH_PATHS = "$(inherited) @executable_path/Frameworks";
				PRODUCT_BUNDLE_IDENTIFIER = "Oh-Snap--Development.ShoppingCart";
				PRODUCT_NAME = "$(TARGET_NAME)";
				SWIFT_VERSION = 4.0;
				TARGETED_DEVICE_FAMILY = "1,2";
			};
			name = Release;
		};
		CD1B5E0D1F89176300488C62 /* Debug */ = {
			isa = XCBuildConfiguration;
			buildSettings = {
				ALWAYS_EMBED_SWIFT_STANDARD_LIBRARIES = YES;
				BUNDLE_LOADER = "$(TEST_HOST)";
				CODE_SIGN_STYLE = Automatic;
				INFOPLIST_FILE = ShoppingCartTests/Info.plist;
				LD_RUNPATH_SEARCH_PATHS = "$(inherited) @executable_path/Frameworks @loader_path/Frameworks";
				PRODUCT_BUNDLE_IDENTIFIER = "Oh-Snap--Development.ShoppingCartTests";
				PRODUCT_NAME = "$(TARGET_NAME)";
				SWIFT_VERSION = 4.0;
				TARGETED_DEVICE_FAMILY = "1,2";
				TEST_HOST = "$(BUILT_PRODUCTS_DIR)/ShoppingCart.app/ShoppingCart";
			};
			name = Debug;
		};
		CD1B5E0E1F89176300488C62 /* Release */ = {
			isa = XCBuildConfiguration;
			buildSettings = {
				ALWAYS_EMBED_SWIFT_STANDARD_LIBRARIES = YES;
				BUNDLE_LOADER = "$(TEST_HOST)";
				CODE_SIGN_STYLE = Automatic;
				INFOPLIST_FILE = ShoppingCartTests/Info.plist;
				LD_RUNPATH_SEARCH_PATHS = "$(inherited) @executable_path/Frameworks @loader_path/Frameworks";
				PRODUCT_BUNDLE_IDENTIFIER = "Oh-Snap--Development.ShoppingCartTests";
				PRODUCT_NAME = "$(TARGET_NAME)";
				SWIFT_VERSION = 4.0;
				TARGETED_DEVICE_FAMILY = "1,2";
				TEST_HOST = "$(BUILT_PRODUCTS_DIR)/ShoppingCart.app/ShoppingCart";
			};
			name = Release;
		};
		CD1B5E101F89176300488C62 /* Debug */ = {
			isa = XCBuildConfiguration;
			buildSettings = {
				ALWAYS_EMBED_SWIFT_STANDARD_LIBRARIES = YES;
				CODE_SIGN_STYLE = Automatic;
				INFOPLIST_FILE = ShoppingCartUITests/Info.plist;
				LD_RUNPATH_SEARCH_PATHS = "$(inherited) @executable_path/Frameworks @loader_path/Frameworks";
				PRODUCT_BUNDLE_IDENTIFIER = "Oh-Snap--Development.ShoppingCartUITests";
				PRODUCT_NAME = "$(TARGET_NAME)";
				SWIFT_VERSION = 4.0;
				TARGETED_DEVICE_FAMILY = "1,2";
				TEST_TARGET_NAME = ShoppingCart;
			};
			name = Debug;
		};
		CD1B5E111F89176300488C62 /* Release */ = {
			isa = XCBuildConfiguration;
			buildSettings = {
				ALWAYS_EMBED_SWIFT_STANDARD_LIBRARIES = YES;
				CODE_SIGN_STYLE = Automatic;
				INFOPLIST_FILE = ShoppingCartUITests/Info.plist;
				LD_RUNPATH_SEARCH_PATHS = "$(inherited) @executable_path/Frameworks @loader_path/Frameworks";
				PRODUCT_BUNDLE_IDENTIFIER = "Oh-Snap--Development.ShoppingCartUITests";
				PRODUCT_NAME = "$(TARGET_NAME)";
				SWIFT_VERSION = 4.0;
				TARGETED_DEVICE_FAMILY = "1,2";
				TEST_TARGET_NAME = ShoppingCart;
			};
			name = Release;
		};
/* End XCBuildConfiguration section */

/* Begin XCConfigurationList section */
		CD1B5DDC1F89176200488C62 /* Build configuration list for PBXProject "ShoppingCart" */ = {
			isa = XCConfigurationList;
			buildConfigurations = (
				CD1B5E071F89176300488C62 /* Debug */,
				CD1B5E081F89176300488C62 /* Release */,
			);
			defaultConfigurationIsVisible = 0;
			defaultConfigurationName = Release;
		};
		CD1B5E091F89176300488C62 /* Build configuration list for PBXNativeTarget "ShoppingCart" */ = {
			isa = XCConfigurationList;
			buildConfigurations = (
				CD1B5E0A1F89176300488C62 /* Debug */,
				CD1B5E0B1F89176300488C62 /* Release */,
			);
			defaultConfigurationIsVisible = 0;
			defaultConfigurationName = Release;
		};
		CD1B5E0C1F89176300488C62 /* Build configuration list for PBXNativeTarget "ShoppingCartTests" */ = {
			isa = XCConfigurationList;
			buildConfigurations = (
				CD1B5E0D1F89176300488C62 /* Debug */,
				CD1B5E0E1F89176300488C62 /* Release */,
			);
			defaultConfigurationIsVisible = 0;
			defaultConfigurationName = Release;
		};
		CD1B5E0F1F89176300488C62 /* Build configuration list for PBXNativeTarget "ShoppingCartUITests" */ = {
			isa = XCConfigurationList;
			buildConfigurations = (
				CD1B5E101F89176300488C62 /* Debug */,
				CD1B5E111F89176300488C62 /* Release */,
			);
			defaultConfigurationIsVisible = 0;
			defaultConfigurationName = Release;
		};
/* End XCConfigurationList section */
	};
	rootObject = CD1B5DD91F89176200488C62 /* Project object */;
}
